
Microsoft Visual Studio Solution File, Format Version 12.00
# Visual Studio Version 16
VisualStudioVersion = 16.0.30128.74
MinimumVisualStudioVersion = 10.0.40219.1
Project("{FAE04EC0-301F-11D3-BF4B-00C04F79EFBC}") = "Our.Umbraco.FullTextSearch.Site", ".website\Our.Umbraco.FullTextSearch.Site.csproj", "{8519a67b-bc8b-443b-8da3-d10848abf95d}"
EndProject
Project("{9A19103F-16F7-4668-BE54-9A1E7A4F7556}") = "Our.Umbraco.FullTextSearch", "src\Our.Umbraco.FullTextSearch\Our.Umbraco.FullTextSearch.csproj", "{b5782fe8-b1d1-42f8-80b0-92eca6ddd48a}"
EndProject
Global
	GlobalSection(SolutionConfigurationPlatforms) = preSolution
		Debug|Any CPU = Debug|Any CPU
		Release|Any CPU = Release|Any CPU
	EndGlobalSection
	GlobalSection(ProjectConfigurationPlatforms) = postSolution
		{8519a67b-bc8b-443b-8da3-d10848abf95d}.Debug|Any CPU.ActiveCfg = Debug|Any CPU
		{8519a67b-bc8b-443b-8da3-d10848abf95d}.Debug|Any CPU.Build.0 = Debug|Any CPU
		{8519a67b-bc8b-443b-8da3-d10848abf95d}.Release|Any CPU.ActiveCfg = Release|Any CPU
		{8519a67b-bc8b-443b-8da3-d10848abf95d}.Release|Any CPU.Build.0 = Release|Any CPU
		{b5782fe8-b1d1-42f8-80b0-92eca6ddd48a}.Debug|Any CPU.ActiveCfg = Debug|Any CPU
		{b5782fe8-b1d1-42f8-80b0-92eca6ddd48a}.Debug|Any CPU.Build.0 = Debug|Any CPU
		{b5782fe8-b1d1-42f8-80b0-92eca6ddd48a}.Release|Any CPU.ActiveCfg = Release|Any CPU
		{b5782fe8-b1d1-42f8-80b0-92eca6ddd48a}.Release|Any CPU.Build.0 = Release|Any CPU
	EndGlobalSection
	GlobalSection(SolutionProperties) = preSolution
		HideSolutionNode = FALSE
	EndGlobalSection
	GlobalSection(ExtensibilityGlobals) = postSolution
		SolutionGuid = {0A4335E4-0198-4777-9409-64E22F1F8F2C}
	EndGlobalSection
EndGlobal
