
Microsoft Visual Studio Solution File, Format Version 12.00
# Visual Studio Version 16
VisualStudioVersion = 16.0.30128.74
MinimumVisualStudioVersion = 10.0.40219.1
Project("{FAE04EC0-301F-11D3-BF4B-00C04F79EFBC}") = "Our.Umbraco.FullTextSearch.Site", ".website\Our.Umbraco.FullTextSearch.Site.csproj", "{8519A67B-BC8B-443B-8DA3-D10848ABF95D}"
EndProject
Project("{9A19103F-16F7-4668-BE54-9A1E7A4F7556}") = "Our.Umbraco.FullTextSearch", "src\Our.Umbraco.FullTextSearch\Our.Umbraco.FullTextSearch.csproj", "{B5782FE8-B1D1-42F8-80B0-92ECA6DDD48A}"
EndProject
Project("{2150E333-8FDC-42A3-9474-1A3956D46DE8}") = "Solution Items", "Solution Items", "{B826773C-9EAF-4243-85E3-E467B7161CD6}"
	ProjectSection(SolutionItems) = preProject
		.gitignore = .gitignore
		CHANGELOG.md = CHANGELOG.md
		CONTRIBUTING.md = CONTRIBUTING.md
		gulpfile.js = gulpfile.js
		LICENSE.md = LICENSE.md
		package.xml = package.xml
		paths.json = paths.json
		README.md = README.md
	EndProjectSection
EndProject
Project("{2150E333-8FDC-42A3-9474-1A3956D46DE8}") = ".github", ".github", "{47DCEC62-87E6-4C38-AB1D-E8652F377FB4}"
EndProject
Project("{2150E333-8FDC-42A3-9474-1A3956D46DE8}") = "workflows", "workflows", "{D2B0B52C-6427-475D-A376-15B4E1BA59BC}"
	ProjectSection(SolutionItems) = preProject
		.github\workflows\build.yml = .github\workflows\build.yml
		.github\workflows\readme.md = .github\workflows\readme.md
	EndProjectSection
EndProject
Project("{2150E333-8FDC-42A3-9474-1A3956D46DE8}") = "docs", "docs", "{B7C1C736-2444-42C8-BD7C-9A557BC62972}"
	ProjectSection(SolutionItems) = preProject
		docs\developers-guide.md = docs\developers-guide.md
	EndProjectSection
EndProject
Global
	GlobalSection(SolutionConfigurationPlatforms) = preSolution
		Debug|Any CPU = Debug|Any CPU
		Release|Any CPU = Release|Any CPU
	EndGlobalSection
	GlobalSection(ProjectConfigurationPlatforms) = postSolution
		{8519A67B-BC8B-443B-8DA3-D10848ABF95D}.Debug|Any CPU.ActiveCfg = Debug|Any CPU
		{8519A67B-BC8B-443B-8DA3-D10848ABF95D}.Debug|Any CPU.Build.0 = Debug|Any CPU
		{8519A67B-BC8B-443B-8DA3-D10848ABF95D}.Release|Any CPU.ActiveCfg = Release|Any CPU
		{8519A67B-BC8B-443B-8DA3-D10848ABF95D}.Release|Any CPU.Build.0 = Release|Any CPU
		{B5782FE8-B1D1-42F8-80B0-92ECA6DDD48A}.Debug|Any CPU.ActiveCfg = Debug|Any CPU
		{B5782FE8-B1D1-42F8-80B0-92ECA6DDD48A}.Debug|Any CPU.Build.0 = Debug|Any CPU
		{B5782FE8-B1D1-42F8-80B0-92ECA6DDD48A}.Release|Any CPU.ActiveCfg = Release|Any CPU
		{B5782FE8-B1D1-42F8-80B0-92ECA6DDD48A}.Release|Any CPU.Build.0 = Release|Any CPU
	EndGlobalSection
	GlobalSection(SolutionProperties) = preSolution
		HideSolutionNode = FALSE
	EndGlobalSection
	GlobalSection(NestedProjects) = preSolution
		{47DCEC62-87E6-4C38-AB1D-E8652F377FB4} = {B826773C-9EAF-4243-85E3-E467B7161CD6}
		{D2B0B52C-6427-475D-A376-15B4E1BA59BC} = {47DCEC62-87E6-4C38-AB1D-E8652F377FB4}
		{B7C1C736-2444-42C8-BD7C-9A557BC62972} = {B826773C-9EAF-4243-85E3-E467B7161CD6}
	EndGlobalSection
	GlobalSection(ExtensibilityGlobals) = postSolution
		SolutionGuid = {0A4335E4-0198-4777-9409-64E22F1F8F2C}
	EndGlobalSection
EndGlobal
