
Microsoft Visual Studio Solution File, Format Version 12.00
# Visual Studio Version 17
VisualStudioVersion = 17.5.002.0
MinimumVisualStudioVersion = 10.0.40219.1
Project("{9A19103F-16F7-4668-BE54-9A1E7A4F7556}") = "Our.Umbraco.FullTextSearch.Testsite14", "Our.Umbraco.FullTextSearch.Testsite14.csproj", "{2885D294-FCBD-400D-9BCF-850E44BA97CF}"
EndProject
Global
	GlobalSection(SolutionConfigurationPlatforms) = preSolution
		Debug|Any CPU = Debug|Any CPU
		Release|Any CPU = Release|Any CPU
	EndGlobalSection
	GlobalSection(ProjectConfigurationPlatforms) = postSolution
		{2885D294-FCBD-400D-9BCF-850E44BA97CF}.Debug|Any CPU.ActiveCfg = Debug|Any CPU
		{2885D294-FCBD-400D-9BCF-850E44BA97CF}.Debug|Any CPU.Build.0 = Debug|Any CPU
		{2885D294-FCBD-400D-9BCF-850E44BA97CF}.Release|Any CPU.ActiveCfg = Release|Any CPU
		{2885D294-FCBD-400D-9BCF-850E44BA97CF}.Release|Any CPU.Build.0 = Release|Any CPU
	EndGlobalSection
	GlobalSection(SolutionProperties) = preSolution
		HideSolutionNode = FALSE
	EndGlobalSection
	GlobalSection(ExtensibilityGlobals) = postSolution
		SolutionGuid = {0AADACC8-791A-49B2-9690-4DBB682ECF0A}
	EndGlobalSection
EndGlobal
