
Microsoft Visual Studio Solution File, Format Version 12.00
# Visual Studio Version 17
VisualStudioVersion = 17.0.32014.148
MinimumVisualStudioVersion = 10.0.40219.1
Project("{9A19103F-16F7-4668-BE54-9A1E7A4F7556}") = "Our.Umbraco.FullTextSearch", "Our.Umbraco.FullTextSearch\Our.Umbraco.FullTextSearch.csproj", "{FCE7B11D-5C95-4496-A6E5-C0D3B2DCF5B0}"
EndProject
Project("{2150E333-8FDC-42A3-9474-1A3956D46DE8}") = "Solution Items", "Solution Items", "{4FC195FF-E4FF-45FE-905E-0EA0D56948FB}"
	ProjectSection(SolutionItems) = preProject
		..\.gitattributes = ..\.gitattributes
		..\.gitignore = ..\.gitignore
		..\CHANGELOG.md = ..\CHANGELOG.md
		..\CONTRIBUTING.md = ..\CONTRIBUTING.md
		..\docs\developers-guide-v1.md = ..\docs\developers-guide-v1.md
		..\docs\developers-guide-v2.md = ..\docs\developers-guide-v2.md
		..\docs\developers-guide-v4.md = ..\docs\developers-guide-v4.md
		..\docs\developers-guide.md = ..\docs\developers-guide.md
		..\LICENSE.md = ..\LICENSE.md
		..\README.md = ..\README.md
	EndProjectSection
EndProject
Project("{9A19103F-16F7-4668-BE54-9A1E7A4F7556}") = "Our.Umbraco.FullTextSearch.Tests", "Our.Umbraco.FullTextSearch.Tests\Our.Umbraco.FullTextSearch.Tests.csproj", "{31AFB56C-912D-480B-BD4F-F7FB0A7AC5C2}"
EndProject
Project("{2150E333-8FDC-42A3-9474-1A3956D46DE8}") = "Testsites", "Testsites", "{BDB789DF-AC9F-44F7-86A2-879508329FBD}"
EndProject
Project("{9A19103F-16F7-4668-BE54-9A1E7A4F7556}") = "Our.Umbraco.FullTextSearch.Testsite10", "Testsites\Our.Umbraco.FullTextSearch.Testsite10\Our.Umbraco.FullTextSearch.Testsite10.csproj", "{5EE48187-0AB8-4631-ACAB-E009327A7A9F}"
EndProject
Project("{9A19103F-16F7-4668-BE54-9A1E7A4F7556}") = "Our.Umbraco.FullTextSearch.Testsite11", "Testsites\Our.Umbraco.FullTextSearch.Testsite11\Our.Umbraco.FullTextSearch.Testsite11.csproj", "{79490E40-1EB8-485A-AC53-C72D66C9945E}"
EndProject
Project("{9A19103F-16F7-4668-BE54-9A1E7A4F7556}") = "Our.Umbraco.FullTextSearch.Testsite12", "Testsites\Our.Umbraco.FullTextSearch.Testsite12\Our.Umbraco.FullTextSearch.Testsite12.csproj", "{5E2ED587-9369-42F6-BE18-FA93C951E651}"
EndProject
Project("{9A19103F-16F7-4668-BE54-9A1E7A4F7556}") = "Our.Umbraco.FullTextSearch.Testsite13", "Testsites\Our.Umbraco.FullTextSearch.Testsite13\Our.Umbraco.FullTextSearch.Testsite13.csproj", "{9D899317-F4E7-4966-A03B-85FFA9B80E3C}"
EndProject
Project("{9A19103F-16F7-4668-BE54-9A1E7A4F7556}") = "Our.Umbraco.FullTextSearch.SchemaGenerator", "Our.Umbraco.FullTextSearch.SchemaGenerator\Our.Umbraco.FullTextSearch.SchemaGenerator.csproj", "{560727BD-EFD0-4D19-ADB7-706C504E6E86}"
EndProject
Global
	GlobalSection(SolutionConfigurationPlatforms) = preSolution
		Debug|Any CPU = Debug|Any CPU
		Release|Any CPU = Release|Any CPU
	EndGlobalSection
	GlobalSection(ProjectConfigurationPlatforms) = postSolution
		{FCE7B11D-5C95-4496-A6E5-C0D3B2DCF5B0}.Debug|Any CPU.ActiveCfg = Debug|Any CPU
		{FCE7B11D-5C95-4496-A6E5-C0D3B2DCF5B0}.Debug|Any CPU.Build.0 = Debug|Any CPU
		{FCE7B11D-5C95-4496-A6E5-C0D3B2DCF5B0}.Release|Any CPU.ActiveCfg = Release|Any CPU
		{FCE7B11D-5C95-4496-A6E5-C0D3B2DCF5B0}.Release|Any CPU.Build.0 = Release|Any CPU
		{31AFB56C-912D-480B-BD4F-F7FB0A7AC5C2}.Debug|Any CPU.ActiveCfg = Debug|Any CPU
		{31AFB56C-912D-480B-BD4F-F7FB0A7AC5C2}.Debug|Any CPU.Build.0 = Debug|Any CPU
		{31AFB56C-912D-480B-BD4F-F7FB0A7AC5C2}.Release|Any CPU.ActiveCfg = Release|Any CPU
		{31AFB56C-912D-480B-BD4F-F7FB0A7AC5C2}.Release|Any CPU.Build.0 = Release|Any CPU
		{5EE48187-0AB8-4631-ACAB-E009327A7A9F}.Debug|Any CPU.ActiveCfg = Debug|Any CPU
		{5EE48187-0AB8-4631-ACAB-E009327A7A9F}.Debug|Any CPU.Build.0 = Debug|Any CPU
		{5EE48187-0AB8-4631-ACAB-E009327A7A9F}.Release|Any CPU.ActiveCfg = Release|Any CPU
		{5EE48187-0AB8-4631-ACAB-E009327A7A9F}.Release|Any CPU.Build.0 = Release|Any CPU
		{79490E40-1EB8-485A-AC53-C72D66C9945E}.Debug|Any CPU.ActiveCfg = Debug|Any CPU
		{79490E40-1EB8-485A-AC53-C72D66C9945E}.Debug|Any CPU.Build.0 = Debug|Any CPU
		{79490E40-1EB8-485A-AC53-C72D66C9945E}.Release|Any CPU.ActiveCfg = Release|Any CPU
		{79490E40-1EB8-485A-AC53-C72D66C9945E}.Release|Any CPU.Build.0 = Release|Any CPU
		{5E2ED587-9369-42F6-BE18-FA93C951E651}.Debug|Any CPU.ActiveCfg = Debug|Any CPU
		{5E2ED587-9369-42F6-BE18-FA93C951E651}.Debug|Any CPU.Build.0 = Debug|Any CPU
		{5E2ED587-9369-42F6-BE18-FA93C951E651}.Release|Any CPU.ActiveCfg = Release|Any CPU
		{5E2ED587-9369-42F6-BE18-FA93C951E651}.Release|Any CPU.Build.0 = Release|Any CPU
		{9D899317-F4E7-4966-A03B-85FFA9B80E3C}.Debug|Any CPU.ActiveCfg = Debug|Any CPU
		{9D899317-F4E7-4966-A03B-85FFA9B80E3C}.Debug|Any CPU.Build.0 = Debug|Any CPU
		{9D899317-F4E7-4966-A03B-85FFA9B80E3C}.Release|Any CPU.ActiveCfg = Release|Any CPU
		{9D899317-F4E7-4966-A03B-85FFA9B80E3C}.Release|Any CPU.Build.0 = Release|Any CPU
		{560727BD-EFD0-4D19-ADB7-706C504E6E86}.Debug|Any CPU.ActiveCfg = Debug|Any CPU
		{560727BD-EFD0-4D19-ADB7-706C504E6E86}.Debug|Any CPU.Build.0 = Debug|Any CPU
		{560727BD-EFD0-4D19-ADB7-706C504E6E86}.Release|Any CPU.ActiveCfg = Release|Any CPU
		{560727BD-EFD0-4D19-ADB7-706C504E6E86}.Release|Any CPU.Build.0 = Release|Any CPU
	EndGlobalSection
	GlobalSection(SolutionProperties) = preSolution
		HideSolutionNode = FALSE
	EndGlobalSection
	GlobalSection(NestedProjects) = preSolution
		{5EE48187-0AB8-4631-ACAB-E009327A7A9F} = {BDB789DF-AC9F-44F7-86A2-879508329FBD}
		{79490E40-1EB8-485A-AC53-C72D66C9945E} = {BDB789DF-AC9F-44F7-86A2-879508329FBD}
		{5E2ED587-9369-42F6-BE18-FA93C951E651} = {BDB789DF-AC9F-44F7-86A2-879508329FBD}
		{9D899317-F4E7-4966-A03B-85FFA9B80E3C} = {BDB789DF-AC9F-44F7-86A2-879508329FBD}
	EndGlobalSection
	GlobalSection(ExtensibilityGlobals) = postSolution
		SolutionGuid = {071ED668-7D7B-4311-8BFC-B3C9704F6CE7}
	EndGlobalSection
EndGlobal
